{
  "requires": true,
  "lockfileVersion": 1,
  "dependencies": {
    "cannon-es": {
      "version": "0.15.1",
      "resolved": "https://registry.npmjs.org/cannon-es/-/cannon-es-0.15.1.tgz",
      "integrity": "sha512-NkrU8OkM5K4q7Ljj69nfwC5UmPuoiAga6v98Aus0QHTdgJFwBfPTDXRkc3qpGGOixdUisFzmJo0DpKWIi6N+4g=="
    }
  }
}
